
Microsoft Visual Studio Solution File, Format Version 12.00
# Visual Studio Version 17
VisualStudioVersion = 17.5.33530.505
MinimumVisualStudioVersion = 10.0.40219.1
Project("{9A19103F-16F7-4668-BE54-9A1E7A4F7556}") = "ERP.Api", "ERP.Api\ERP.Api.csproj", "{41D54E54-77A4-464E-AB40-A15DFFFED391}"
EndProject
Project("{9A19103F-16F7-4668-BE54-9A1E7A4F7556}") = "ERP.Api.Entity", "ERP.Api.Entity\ERP.Api.Entity.csproj", "{6156FA60-1B2B-4D0A-95E5-F0BFFA938004}"
EndProject
Project("{9A19103F-16F7-4668-BE54-9A1E7A4F7556}") = "ERP.Api.Service", "ERP.Api.Service\ERP.Api.Service.csproj", "{4F7D2764-2533-4232-B704-86AE82697F1A}"
EndProject
Project("{9A19103F-16F7-4668-BE54-9A1E7A4F7556}") = "ERP.Api.Utils", "ERP.Api.Utils\ERP.Api.Utils.csproj", "{B5DB80CE-2D89-423A-8085-3C9DA8B1EA5F}"
EndProject
Project("{FAE04EC0-301F-11D3-BF4B-00C04F79EFBC}") = "ERP.Api.Repository", "ERP.Repository\ERP.Api.Repository.csproj", "{FD3EE639-2CD6-483E-A73D-25BD5934091E}"
EndProject
Global
	GlobalSection(SolutionConfigurationPlatforms) = preSolution
		Debug|Any CPU = Debug|Any CPU
		Release|Any CPU = Release|Any CPU
	EndGlobalSection
	GlobalSection(ProjectConfigurationPlatforms) = postSolution
		{41D54E54-77A4-464E-AB40-A15DFFFED391}.Debug|Any CPU.ActiveCfg = Debug|Any CPU
		{41D54E54-77A4-464E-AB40-A15DFFFED391}.Debug|Any CPU.Build.0 = Debug|Any CPU
		{41D54E54-77A4-464E-AB40-A15DFFFED391}.Release|Any CPU.ActiveCfg = Release|Any CPU
		{41D54E54-77A4-464E-AB40-A15DFFFED391}.Release|Any CPU.Build.0 = Release|Any CPU
		{6156FA60-1B2B-4D0A-95E5-F0BFFA938004}.Debug|Any CPU.ActiveCfg = Debug|Any CPU
		{6156FA60-1B2B-4D0A-95E5-F0BFFA938004}.Debug|Any CPU.Build.0 = Debug|Any CPU
		{6156FA60-1B2B-4D0A-95E5-F0BFFA938004}.Release|Any CPU.ActiveCfg = Release|Any CPU
		{6156FA60-1B2B-4D0A-95E5-F0BFFA938004}.Release|Any CPU.Build.0 = Release|Any CPU
		{4F7D2764-2533-4232-B704-86AE82697F1A}.Debug|Any CPU.ActiveCfg = Debug|Any CPU
		{4F7D2764-2533-4232-B704-86AE82697F1A}.Debug|Any CPU.Build.0 = Debug|Any CPU
		{4F7D2764-2533-4232-B704-86AE82697F1A}.Release|Any CPU.ActiveCfg = Release|Any CPU
		{4F7D2764-2533-4232-B704-86AE82697F1A}.Release|Any CPU.Build.0 = Release|Any CPU
		{B5DB80CE-2D89-423A-8085-3C9DA8B1EA5F}.Debug|Any CPU.ActiveCfg = Debug|Any CPU
		{B5DB80CE-2D89-423A-8085-3C9DA8B1EA5F}.Debug|Any CPU.Build.0 = Debug|Any CPU
		{B5DB80CE-2D89-423A-8085-3C9DA8B1EA5F}.Release|Any CPU.ActiveCfg = Release|Any CPU
		{B5DB80CE-2D89-423A-8085-3C9DA8B1EA5F}.Release|Any CPU.Build.0 = Release|Any CPU
		{FD3EE639-2CD6-483E-A73D-25BD5934091E}.Debug|Any CPU.ActiveCfg = Debug|Any CPU
		{FD3EE639-2CD6-483E-A73D-25BD5934091E}.Debug|Any CPU.Build.0 = Debug|Any CPU
		{FD3EE639-2CD6-483E-A73D-25BD5934091E}.Release|Any CPU.ActiveCfg = Release|Any CPU
		{FD3EE639-2CD6-483E-A73D-25BD5934091E}.Release|Any CPU.Build.0 = Release|Any CPU
	EndGlobalSection
	GlobalSection(SolutionProperties) = preSolution
		HideSolutionNode = FALSE
	EndGlobalSection
	GlobalSection(ExtensibilityGlobals) = postSolution
		SolutionGuid = {F1C735D9-AEA8-4781-B64C-2F4DFA870E6E}
	EndGlobalSection
EndGlobal
